
Microsoft Visual Studio Solution File, Format Version 12.00
# Visual Studio 15
VisualStudioVersion = 15.0.27004.2005
MinimumVisualStudioVersion = 10.0.40219.1
Project("{9A19103F-16F7-4668-BE54-9A1E7A4F7556}") = "Chame", "Chame\Chame.csproj", "{3524EC0B-6E6F-4BF1-9FD2-4718AB5EB56D}"
EndProject
Project("{2150E333-8FDC-42A3-9474-1A3956D46DE8}") = "Demo", "Demo", "{766EF9B5-7C45-4E67-8EF5-8515FD23BCA2}"
EndProject
Project("{9A19103F-16F7-4668-BE54-9A1E7A4F7556}") = "WebSiteContent", "Demo\WebSiteContent\WebSiteContent.csproj", "{BF54A291-B4A8-46CA-AEEB-9A41AC530ADC}"
EndProject
Project("{9A19103F-16F7-4668-BE54-9A1E7A4F7556}") = "WebSite", "Demo\WebSite\WebSite.csproj", "{B34994E4-8355-44C2-8205-00DBC97779E3}"
EndProject
Global
	GlobalSection(SolutionConfigurationPlatforms) = preSolution
		Debug|Any CPU = Debug|Any CPU
		Release|Any CPU = Release|Any CPU
	EndGlobalSection
	GlobalSection(ProjectConfigurationPlatforms) = postSolution
		{3524EC0B-6E6F-4BF1-9FD2-4718AB5EB56D}.Debug|Any CPU.ActiveCfg = Debug|Any CPU
		{3524EC0B-6E6F-4BF1-9FD2-4718AB5EB56D}.Debug|Any CPU.Build.0 = Debug|Any CPU
		{3524EC0B-6E6F-4BF1-9FD2-4718AB5EB56D}.Release|Any CPU.ActiveCfg = Release|Any CPU
		{3524EC0B-6E6F-4BF1-9FD2-4718AB5EB56D}.Release|Any CPU.Build.0 = Release|Any CPU
		{BF54A291-B4A8-46CA-AEEB-9A41AC530ADC}.Debug|Any CPU.ActiveCfg = Debug|Any CPU
		{BF54A291-B4A8-46CA-AEEB-9A41AC530ADC}.Debug|Any CPU.Build.0 = Debug|Any CPU
		{BF54A291-B4A8-46CA-AEEB-9A41AC530ADC}.Release|Any CPU.ActiveCfg = Release|Any CPU
		{BF54A291-B4A8-46CA-AEEB-9A41AC530ADC}.Release|Any CPU.Build.0 = Release|Any CPU
		{B34994E4-8355-44C2-8205-00DBC97779E3}.Debug|Any CPU.ActiveCfg = Debug|Any CPU
		{B34994E4-8355-44C2-8205-00DBC97779E3}.Debug|Any CPU.Build.0 = Debug|Any CPU
		{B34994E4-8355-44C2-8205-00DBC97779E3}.Release|Any CPU.ActiveCfg = Release|Any CPU
		{B34994E4-8355-44C2-8205-00DBC97779E3}.Release|Any CPU.Build.0 = Release|Any CPU
	EndGlobalSection
	GlobalSection(SolutionProperties) = preSolution
		HideSolutionNode = FALSE
	EndGlobalSection
	GlobalSection(NestedProjects) = preSolution
		{BF54A291-B4A8-46CA-AEEB-9A41AC530ADC} = {766EF9B5-7C45-4E67-8EF5-8515FD23BCA2}
		{B34994E4-8355-44C2-8205-00DBC97779E3} = {766EF9B5-7C45-4E67-8EF5-8515FD23BCA2}
	EndGlobalSection
	GlobalSection(ExtensibilityGlobals) = postSolution
		SolutionGuid = {E002D2A5-671C-4EC5-B0D9-AA7710045407}
	EndGlobalSection
EndGlobal
